// !$*UTF8*$!
{
	archiveVersion = 1;
	classes = {
	};
	objectVersion = 56;
	objects = {

/* Begin PBXBuildFile section */
		F8577ACD2BC6E77600EC6EC4 /* PetViewModel.swift in Sources */ = {isa = PBXBuildFile; fileRef = F8577ACC2BC6E77600EC6EC4 /* PetViewModel.swift */; };
		F8577AD32BC6F39D00EC6EC4 /* LoadingView.swift in Sources */ = {isa = PBXBuildFile; fileRef = F8577AD22BC6F39D00EC6EC4 /* LoadingView.swift */; };
		F8577AD52BC6F3C000EC6EC4 /* PetListView.swift in Sources */ = {isa = PBXBuildFile; fileRef = F8577AD42BC6F3C000EC6EC4 /* PetListView.swift */; };
		F8577AD72BC6F4B000EC6EC4 /* IdleView.swift in Sources */ = {isa = PBXBuildFile; fileRef = F8577AD62BC6F4B000EC6EC4 /* IdleView.swift */; };
		F8577AD92BC6F81000EC6EC4 /* PetCardView.swift in Sources */ = {isa = PBXBuildFile; fileRef = F8577AD82BC6F81000EC6EC4 /* PetCardView.swift */; };
		F8B96B6A2BCA146700529110 /* PetCardViewModel.swift in Sources */ = {isa = PBXBuildFile; fileRef = F8B96B692BCA146700529110 /* PetCardViewModel.swift */; };
		F8D761562BBCAC270012EB87 /* PetAPIDemoApp.swift in Sources */ = {isa = PBXBuildFile; fileRef = F8D761552BBCAC270012EB87 /* PetAPIDemoApp.swift */; };
		F8D761582BBCAC270012EB87 /* ContentView.swift in Sources */ = {isa = PBXBuildFile; fileRef = F8D761572BBCAC270012EB87 /* ContentView.swift */; };
		F8D7615A2BBCAC280012EB87 /* Assets.xcassets in Resources */ = {isa = PBXBuildFile; fileRef = F8D761592BBCAC280012EB87 /* Assets.xcassets */; };
		F8D7615D2BBCAC280012EB87 /* Preview Assets.xcassets in Resources */ = {isa = PBXBuildFile; fileRef = F8D7615C2BBCAC280012EB87 /* Preview Assets.xcassets */; };
		F8D761642BBCAC870012EB87 /* PetService.swift in Sources */ = {isa = PBXBuildFile; fileRef = F8D761632BBCAC870012EB87 /* PetService.swift */; };
		F8D761662BBCAEE80012EB87 /* Models.swift in Sources */ = {isa = PBXBuildFile; fileRef = F8D761652BBCAEE80012EB87 /* Models.swift */; };
/* End PBXBuildFile section */

/* Begin PBXFileReference section */
		F8577ACC2BC6E77600EC6EC4 /* PetViewModel.swift */ = {isa = PBXFileReference; lastKnownFileType = sourcecode.swift; path = PetViewModel.swift; sourceTree = "<group>"; };
		F8577AD22BC6F39D00EC6EC4 /* LoadingView.swift */ = {isa = PBXFileReference; lastKnownFileType = sourcecode.swift; path = LoadingView.swift; sourceTree = "<group>"; };
		F8577AD42BC6F3C000EC6EC4 /* PetListView.swift */ = {isa = PBXFileReference; lastKnownFileType = sourcecode.swift; path = PetListView.swift; sourceTree = "<group>"; };
		F8577AD62BC6F4B000EC6EC4 /* IdleView.swift */ = {isa = PBXFileReference; lastKnownFileType = sourcecode.swift; path = IdleView.swift; sourceTree = "<group>"; };
		F8577AD82BC6F81000EC6EC4 /* PetCardView.swift */ = {isa = PBXFileReference; lastKnownFileType = sourcecode.swift; path = PetCardView.swift; sourceTree = "<group>"; };
		F8B96B692BCA146700529110 /* PetCardViewModel.swift */ = {isa = PBXFileReference; lastKnownFileType = sourcecode.swift; path = PetCardViewModel.swift; sourceTree = "<group>"; };
		F8D761522BBCAC270012EB87 /* PetAPIDemo.app */ = {isa = PBXFileReference; explicitFileType = wrapper.application; includeInIndex = 0; path = PetAPIDemo.app; sourceTree = BUILT_PRODUCTS_DIR; };
		F8D761552BBCAC270012EB87 /* PetAPIDemoApp.swift */ = {isa = PBXFileReference; lastKnownFileType = sourcecode.swift; path = PetAPIDemoApp.swift; sourceTree = "<group>"; };
		F8D761572BBCAC270012EB87 /* ContentView.swift */ = {isa = PBXFileReference; lastKnownFileType = sourcecode.swift; path = ContentView.swift; sourceTree = "<group>"; };
		F8D761592BBCAC280012EB87 /* Assets.xcassets */ = {isa = PBXFileReference; lastKnownFileType = folder.assetcatalog; path = Assets.xcassets; sourceTree = "<group>"; };
		F8D7615C2BBCAC280012EB87 /* Preview Assets.xcassets */ = {isa = PBXFileReference; lastKnownFileType = folder.assetcatalog; path = "Preview Assets.xcassets"; sourceTree = "<group>"; };
		F8D761632BBCAC870012EB87 /* PetService.swift */ = {isa = PBXFileReference; lastKnownFileType = sourcecode.swift; path = PetService.swift; sourceTree = "<group>"; };
		F8D761652BBCAEE80012EB87 /* Models.swift */ = {isa = PBXFileReference; lastKnownFileType = sourcecode.swift; path = Models.swift; sourceTree = "<group>"; };
/* End PBXFileReference section */

/* Begin PBXFrameworksBuildPhase section */
		F8D7614F2BBCAC270012EB87 /* Frameworks */ = {
			isa = PBXFrameworksBuildPhase;
			buildActionMask = 2147483647;
			files = (
			);
			runOnlyForDeploymentPostprocessing = 0;
		};
/* End PBXFrameworksBuildPhase section */

/* Begin PBXGroup section */
		F8577ACE2BC6F32A00EC6EC4 /* View Models */ = {
			isa = PBXGroup;
			children = (
				F8577ACC2BC6E77600EC6EC4 /* PetViewModel.swift */,
				F8B96B692BCA146700529110 /* PetCardViewModel.swift */,
			);
			path = "View Models";
			sourceTree = "<group>";
		};
		F8577AD02BC6F35700EC6EC4 /* Services */ = {
			isa = PBXGroup;
			children = (
				F8D761632BBCAC870012EB87 /* PetService.swift */,
			);
			path = Services;
			sourceTree = "<group>";
		};
		F8577AD12BC6F36D00EC6EC4 /* Views */ = {
			isa = PBXGroup;
			children = (
				F8577AD22BC6F39D00EC6EC4 /* LoadingView.swift */,
				F8577AD62BC6F4B000EC6EC4 /* IdleView.swift */,
				F8577AD42BC6F3C000EC6EC4 /* PetListView.swift */,
				F8577AD82BC6F81000EC6EC4 /* PetCardView.swift */,
			);
			path = Views;
			sourceTree = "<group>";
		};
		F8D761492BBCAC270012EB87 = {
			isa = PBXGroup;
			children = (
				F8D761542BBCAC270012EB87 /* PetAPIDemo */,
				F8D761532BBCAC270012EB87 /* Products */,
			);
			sourceTree = "<group>";
		};
		F8D761532BBCAC270012EB87 /* Products */ = {
			isa = PBXGroup;
			children = (
				F8D761522BBCAC270012EB87 /* PetAPIDemo.app */,
			);
			name = Products;
			sourceTree = "<group>";
		};
		F8D761542BBCAC270012EB87 /* PetAPIDemo */ = {
			isa = PBXGroup;
			children = (
				F8D761552BBCAC270012EB87 /* PetAPIDemoApp.swift */,
				F8D761572BBCAC270012EB87 /* ContentView.swift */,
				F8D761652BBCAEE80012EB87 /* Models.swift */,
				F8577ACE2BC6F32A00EC6EC4 /* View Models */,
				F8577AD12BC6F36D00EC6EC4 /* Views */,
				F8577AD02BC6F35700EC6EC4 /* Services */,
				F8D761592BBCAC280012EB87 /* Assets.xcassets */,
				F8D7615B2BBCAC280012EB87 /* Preview Content */,
			);
			path = PetAPIDemo;
			sourceTree = "<group>";
		};
		F8D7615B2BBCAC280012EB87 /* Preview Content */ = {
			isa = PBXGroup;
			children = (
				F8D7615C2BBCAC280012EB87 /* Preview Assets.xcassets */,
			);
			path = "Preview Content";
			sourceTree = "<group>";
		};
/* End PBXGroup section */

/* Begin PBXNativeTarget section */
		F8D761512BBCAC270012EB87 /* PetAPIDemo */ = {
			isa = PBXNativeTarget;
			buildConfigurationList = F8D761602BBCAC280012EB87 /* Build configuration list for PBXNativeTarget "PetAPIDemo" */;
			buildPhases = (
				F8D7614E2BBCAC270012EB87 /* Sources */,
				F8D7614F2BBCAC270012EB87 /* Frameworks */,
				F8D761502BBCAC270012EB87 /* Resources */,
			);
			buildRules = (
			);
			dependencies = (
			);
			name = PetAPIDemo;
			productName = PetAPIDemo;
			productReference = F8D761522BBCAC270012EB87 /* PetAPIDemo.app */;
			productType = "com.apple.product-type.application";
		};
/* End PBXNativeTarget section */

/* Begin PBXProject section */
		F8D7614A2BBCAC270012EB87 /* Project object */ = {
			isa = PBXProject;
			attributes = {
				BuildIndependentTargetsInParallel = 1;
				LastSwiftUpdateCheck = 1520;
				LastUpgradeCheck = 1520;
				TargetAttributes = {
					F8D761512BBCAC270012EB87 = {
						CreatedOnToolsVersion = 15.2;
					};
				};
			};
			buildConfigurationList = F8D7614D2BBCAC270012EB87 /* Build configuration list for PBXProject "PetAPIDemo" */;
			compatibilityVersion = "Xcode 14.0";
			developmentRegion = en;
			hasScannedForEncodings = 0;
			knownRegions = (
				en,
				Base,
			);
			mainGroup = F8D761492BBCAC270012EB87;
			productRefGroup = F8D761532BBCAC270012EB87 /* Products */;
			projectDirPath = "";
			projectRoot = "";
			targets = (
				F8D761512BBCAC270012EB87 /* PetAPIDemo */,
			);
		};
/* End PBXProject section */

/* Begin PBXResourcesBuildPhase section */
		F8D761502BBCAC270012EB87 /* Resources */ = {
			isa = PBXResourcesBuildPhase;
			buildActionMask = 2147483647;
			files = (
				F8D7615D2BBCAC280012EB87 /* Preview Assets.xcassets in Resources */,
				F8D7615A2BBCAC280012EB87 /* Assets.xcassets in Resources */,
			);
			runOnlyForDeploymentPostprocessing = 0;
		};
/* End PBXResourcesBuildPhase section */

/* Begin PBXSourcesBuildPhase section */
		F8D7614E2BBCAC270012EB87 /* Sources */ = {
			isa = PBXSourcesBuildPhase;
			buildActionMask = 2147483647;
			files = (
				F8B96B6A2BCA146700529110 /* PetCardViewModel.swift in Sources */,
				F8D761642BBCAC870012EB87 /* PetService.swift in Sources */,
				F8577AD92BC6F81000EC6EC4 /* PetCardView.swift in Sources */,
				F8577ACD2BC6E77600EC6EC4 /* PetViewModel.swift in Sources */,
				F8577AD72BC6F4B000EC6EC4 /* IdleView.swift in Sources */,
				F8D761582BBCAC270012EB87 /* ContentView.swift in Sources */,
				F8D761562BBCAC270012EB87 /* PetAPIDemoApp.swift in Sources */,
				F8D761662BBCAEE80012EB87 /* Models.swift in Sources */,
				F8577AD52BC6F3C000EC6EC4 /* PetListView.swift in Sources */,
				F8577AD32BC6F39D00EC6EC4 /* LoadingView.swift in Sources */,
			);
			runOnlyForDeploymentPostprocessing = 0;
		};
/* End PBXSourcesBuildPhase section */

/* Begin XCBuildConfiguration section */
		F8D7615E2BBCAC280012EB87 /* Debug */ = {
			isa = XCBuildConfiguration;
			buildSettings = {
				ALWAYS_SEARCH_USER_PATHS = NO;
				ASSETCATALOG_COMPILER_GENERATE_SWIFT_ASSET_SYMBOL_EXTENSIONS = YES;
				CLANG_ANALYZER_NONNULL = YES;
				CLANG_ANALYZER_NUMBER_OBJECT_CONVERSION = YES_AGGRESSIVE;
				CLANG_CXX_LANGUAGE_STANDARD = "gnu++20";
				CLANG_ENABLE_MODULES = YES;
				CLANG_ENABLE_OBJC_ARC = YES;
				CLANG_ENABLE_OBJC_WEAK = YES;
				CLANG_WARN_BLOCK_CAPTURE_AUTORELEASING = YES;
				CLANG_WARN_BOOL_CONVERSION = YES;
				CLANG_WARN_COMMA = YES;
				CLANG_WARN_CONSTANT_CONVERSION = YES;
				CLANG_WARN_DEPRECATED_OBJC_IMPLEMENTATIONS = YES;
				CLANG_WARN_DIRECT_OBJC_ISA_USAGE = YES_ERROR;
				CLANG_WARN_DOCUMENTATION_COMMENTS = YES;
				CLANG_WARN_EMPTY_BODY = YES;
				CLANG_WARN_ENUM_CONVERSION = YES;
				CLANG_WARN_INFINITE_RECURSION = YES;
				CLANG_WARN_INT_CONVERSION = YES;
				CLANG_WARN_NON_LITERAL_NULL_CONVERSION = YES;
				CLANG_WARN_OBJC_IMPLICIT_RETAIN_SELF = YES;
				CLANG_WARN_OBJC_LITERAL_CONVERSION = YES;
				CLANG_WARN_OBJC_ROOT_CLASS = YES_ERROR;
				CLANG_WARN_QUOTED_INCLUDE_IN_FRAMEWORK_HEADER = YES;
				CLANG_WARN_RANGE_LOOP_ANALYSIS = YES;
				CLANG_WARN_STRICT_PROTOTYPES = YES;
				CLANG_WARN_SUSPICIOUS_MOVE = YES;
				CLANG_WARN_UNGUARDED_AVAILABILITY = YES_AGGRESSIVE;
				CLANG_WARN_UNREACHABLE_CODE = YES;
				CLANG_WARN__DUPLICATE_METHOD_MATCH = YES;
				COPY_PHASE_STRIP = NO;
				DEBUG_INFORMATION_FORMAT = dwarf;
				ENABLE_STRICT_OBJC_MSGSEND = YES;
				ENABLE_TESTABILITY = YES;
				ENABLE_USER_SCRIPT_SANDBOXING = YES;
				GCC_C_LANGUAGE_STANDARD = gnu17;
				GCC_DYNAMIC_NO_PIC = NO;
				GCC_NO_COMMON_BLOCKS = YES;
				GCC_OPTIMIZATION_LEVEL = 0;
				GCC_PREPROCESSOR_DEFINITIONS = (
					"DEBUG=1",
					"$(inherited)",
				);
				GCC_WARN_64_TO_32_BIT_CONVERSION = YES;
				GCC_WARN_ABOUT_RETURN_TYPE = YES_ERROR;
				GCC_WARN_UNDECLARED_SELECTOR = YES;
				GCC_WARN_UNINITIALIZED_AUTOS = YES_AGGRESSIVE;
				GCC_WARN_UNUSED_FUNCTION = YES;
				GCC_WARN_UNUSED_VARIABLE = YES;
				IPHONEOS_DEPLOYMENT_TARGET = 17.2;
				LOCALIZATION_PREFERS_STRING_CATALOGS = YES;
				MTL_ENABLE_DEBUG_INFO = INCLUDE_SOURCE;
				MTL_FAST_MATH = YES;
				ONLY_ACTIVE_ARCH = YES;
				SDKROOT = iphoneos;
				SWIFT_ACTIVE_COMPILATION_CONDITIONS = "DEBUG $(inherited)";
				SWIFT_OPTIMIZATION_LEVEL = "-Onone";
			};
			name = Debug;
		};
		F8D7615F2BBCAC280012EB87 /* Release */ = {
			isa = XCBuildConfiguration;
			buildSettings = {
				ALWAYS_SEARCH_USER_PATHS = NO;
				ASSETCATALOG_COMPILER_GENERATE_SWIFT_ASSET_SYMBOL_EXTENSIONS = YES;
				CLANG_ANALYZER_NONNULL = YES;
				CLANG_ANALYZER_NUMBER_OBJECT_CONVERSION = YES_AGGRESSIVE;
				CLANG_CXX_LANGUAGE_STANDARD = "gnu++20";
				CLANG_ENABLE_MODULES = YES;
				CLANG_ENABLE_OBJC_ARC = YES;
				CLANG_ENABLE_OBJC_WEAK = YES;
				CLANG_WARN_BLOCK_CAPTURE_AUTORELEASING = YES;
				CLANG_WARN_BOOL_CONVERSION = YES;
				CLANG_WARN_COMMA = YES;
				CLANG_WARN_CONSTANT_CONVERSION = YES;
				CLANG_WARN_DEPRECATED_OBJC_IMPLEMENTATIONS = YES;
				CLANG_WARN_DIRECT_OBJC_ISA_USAGE = YES_ERROR;
				CLANG_WARN_DOCUMENTATION_COMMENTS = YES;
				CLANG_WARN_EMPTY_BODY = YES;
				CLANG_WARN_ENUM_CONVERSION = YES;
				CLANG_WARN_INFINITE_RECURSION = YES;
				CLANG_WARN_INT_CONVERSION = YES;
				CLANG_WARN_NON_LITERAL_NULL_CONVERSION = YES;
				CLANG_WARN_OBJC_IMPLICIT_RETAIN_SELF = YES;
				CLANG_WARN_OBJC_LITERAL_CONVERSION = YES;
				CLANG_WARN_OBJC_ROOT_CLASS = YES_ERROR;
				CLANG_WARN_QUOTED_INCLUDE_IN_FRAMEWORK_HEADER = YES;
				CLANG_WARN_RANGE_LOOP_ANALYSIS = YES;
				CLANG_WARN_STRICT_PROTOTYPES = YES;
				CLANG_WARN_SUSPICIOUS_MOVE = YES;
				CLANG_WARN_UNGUARDED_AVAILABILITY = YES_AGGRESSIVE;
				CLANG_WARN_UNREACHABLE_CODE = YES;
				CLANG_WARN__DUPLICATE_METHOD_MATCH = YES;
				COPY_PHASE_STRIP = NO;
				DEBUG_INFORMATION_FORMAT = "dwarf-with-dsym";
				ENABLE_NS_ASSERTIONS = NO;
				ENABLE_STRICT_OBJC_MSGSEND = YES;
				ENABLE_USER_SCRIPT_SANDBOXING = YES;
				GCC_C_LANGUAGE_STANDARD = gnu17;
				GCC_NO_COMMON_BLOCKS = YES;
				GCC_WARN_64_TO_32_BIT_CONVERSION = YES;
				GCC_WARN_ABOUT_RETURN_TYPE = YES_ERROR;
				GCC_WARN_UNDECLARED_SELECTOR = YES;
				GCC_WARN_UNINITIALIZED_AUTOS = YES_AGGRESSIVE;
				GCC_WARN_UNUSED_FUNCTION = YES;
				GCC_WARN_UNUSED_VARIABLE = YES;
				IPHONEOS_DEPLOYMENT_TARGET = 17.2;
				LOCALIZATION_PREFERS_STRING_CATALOGS = YES;
				MTL_ENABLE_DEBUG_INFO = NO;
				MTL_FAST_MATH = YES;
				SDKROOT = iphoneos;
				SWIFT_COMPILATION_MODE = wholemodule;
				VALIDATE_PRODUCT = YES;
			};
			name = Release;
		};
		F8D761612BBCAC280012EB87 /* Debug */ = {
			isa = XCBuildConfiguration;
			buildSettings = {
				ASSETCATALOG_COMPILER_APPICON_NAME = AppIcon;
				ASSETCATALOG_COMPILER_GLOBAL_ACCENT_COLOR_NAME = AccentColor;
				CODE_SIGN_STYLE = Automatic;
				CURRENT_PROJECT_VERSION = 1;
				DEVELOPMENT_ASSET_PATHS = "\"PetAPIDemo/Preview Content\"";
				ENABLE_PREVIEWS = YES;
				GENERATE_INFOPLIST_FILE = YES;
				INFOPLIST_KEY_UIApplicationSceneManifest_Generation = YES;
				INFOPLIST_KEY_UIApplicationSupportsIndirectInputEvents = YES;
				INFOPLIST_KEY_UILaunchScreen_Generation = YES;
				INFOPLIST_KEY_UISupportedInterfaceOrientations_iPad = "UIInterfaceOrientationPortrait UIInterfaceOrientationPortraitUpsideDown UIInterfaceOrientationLandscapeLeft UIInterfaceOrientationLandscapeRight";
				INFOPLIST_KEY_UISupportedInterfaceOrientations_iPhone = "UIInterfaceOrientationPortrait UIInterfaceOrientationLandscapeLeft UIInterfaceOrientationLandscapeRight";
				LD_RUNPATH_SEARCH_PATHS = (
					"$(inherited)",
					"@executable_path/Frameworks",
				);
				MARKETING_VERSION = 1.0;
				PRODUCT_BUNDLE_IDENTIFIER = com.example.PetAPIDemo;
				PRODUCT_NAME = "$(TARGET_NAME)";
				SWIFT_EMIT_LOC_STRINGS = YES;
				SWIFT_VERSION = 5.0;
				TARGETED_DEVICE_FAMILY = "1,2";
			};
			name = Debug;
		};
		F8D761622BBCAC280012EB87 /* Release */ = {
			isa = XCBuildConfiguration;
			buildSettings = {
				ASSETCATALOG_COMPILER_APPICON_NAME = AppIcon;
				ASSETCATALOG_COMPILER_GLOBAL_ACCENT_COLOR_NAME = AccentColor;
				CODE_SIGN_STYLE = Automatic;
				CURRENT_PROJECT_VERSION = 1;
				DEVELOPMENT_ASSET_PATHS = "\"PetAPIDemo/Preview Content\"";
				ENABLE_PREVIEWS = YES;
				GENERATE_INFOPLIST_FILE = YES;
				INFOPLIST_KEY_UIApplicationSceneManifest_Generation = YES;
				INFOPLIST_KEY_UIApplicationSupportsIndirectInputEvents = YES;
				INFOPLIST_KEY_UILaunchScreen_Generation = YES;
				INFOPLIST_KEY_UISupportedInterfaceOrientations_iPad = "UIInterfaceOrientationPortrait UIInterfaceOrientationPortraitUpsideDown UIInterfaceOrientationLandscapeLeft UIInterfaceOrientationLandscapeRight";
				INFOPLIST_KEY_UISupportedInterfaceOrientations_iPhone = "UIInterfaceOrientationPortrait UIInterfaceOrientationLandscapeLeft UIInterfaceOrientationLandscapeRight";
				LD_RUNPATH_SEARCH_PATHS = (
					"$(inherited)",
					"@executable_path/Frameworks",
				);
				MARKETING_VERSION = 1.0;
				PRODUCT_BUNDLE_IDENTIFIER = com.example.PetAPIDemo;
				PRODUCT_NAME = "$(TARGET_NAME)";
				SWIFT_EMIT_LOC_STRINGS = YES;
				SWIFT_VERSION = 5.0;
				TARGETED_DEVICE_FAMILY = "1,2";
			};
			name = Release;
		};
/* End XCBuildConfiguration section */

/* Begin XCConfigurationList section */
		F8D7614D2BBCAC270012EB87 /* Build configuration list for PBXProject "PetAPIDemo" */ = {
			isa = XCConfigurationList;
			buildConfigurations = (
				F8D7615E2BBCAC280012EB87 /* Debug */,
				F8D7615F2BBCAC280012EB87 /* Release */,
			);
			defaultConfigurationIsVisible = 0;
			defaultConfigurationName = Release;
		};
		F8D761602BBCAC280012EB87 /* Build configuration list for PBXNativeTarget "PetAPIDemo" */ = {
			isa = XCConfigurationList;
			buildConfigurations = (
				F8D761612BBCAC280012EB87 /* Debug */,
				F8D761622BBCAC280012EB87 /* Release */,
			);
			defaultConfigurationIsVisible = 0;
			defaultConfigurationName = Release;
		};
/* End XCConfigurationList section */
	};
	rootObject = F8D7614A2BBCAC270012EB87 /* Project object */;
}
